
Microsoft Visual Studio Solution File, Format Version 12.00
# Visual Studio Version 17
VisualStudioVersion = 17.11.35222.181
MinimumVisualStudioVersion = 10.0.40219.1
Project("{2150E333-8FDC-42A3-9474-1A3956D46DE8}") = "Task0", "Task0", "{35D82C5D-6D70-4675-A0ED-38E389EE39C6}"
EndProject
Project("{9A19103F-16F7-4668-BE54-9A1E7A4F7556}") = "Tyuiu.MorozovSM.Sprint2.Task0.V11", "Tyuiu.MorozovSM.Sprint2.Task0.V11\Tyuiu.MorozovSM.Sprint2.Task0.V11.csproj", "{8ADB322E-D60D-4D72-A506-0B85E1550B1F}"
EndProject
Project("{9A19103F-16F7-4668-BE54-9A1E7A4F7556}") = "Tyuiu.MorozovSM.Sprint2.Task0.V11.Test", "Tyuiu.MorozovSM.Sprint2.Task0.V11.Test\Tyuiu.MorozovSM.Sprint2.Task0.V11.Test.csproj", "{E2B72DC2-4F9F-4E04-A9C6-FE9480B30D07}"
EndProject
Project("{9A19103F-16F7-4668-BE54-9A1E7A4F7556}") = "Tyuiu.MorozovSM.Sprint2.Task0.V11.Lib", "Tyuiu.MorozovSM.Sprint2.Task0.V11.Lib\Tyuiu.MorozovSM.Sprint2.Task0.V11.Lib.csproj", "{773D8874-123D-4335-9180-4C9495E7A702}"
EndProject
Project("{2150E333-8FDC-42A3-9474-1A3956D46DE8}") = "Task1", "Task1", "{91CF195C-7973-4409-88D3-3E133A616B8A}"
EndProject
Project("{9A19103F-16F7-4668-BE54-9A1E7A4F7556}") = "Tyuiu.MorozovSM.Sprint2.Task1.V20.Lib", "Tyuiu.MorozovSM.Sprint2.Task1.V20.Lib\Tyuiu.MorozovSM.Sprint2.Task1.V20.Lib.csproj", "{091BAF26-B04F-4F84-9295-3745DAB008D1}"
EndProject
Project("{9A19103F-16F7-4668-BE54-9A1E7A4F7556}") = "Tyuiu.MorozovSM.Sprint2.Task1.V20", "Tyuiu.MorozovSM.Sprint2.Task1.V20\Tyuiu.MorozovSM.Sprint2.Task1.V20.csproj", "{03654D06-CAF4-4284-994E-F4325E6F927E}"
EndProject
Project("{9A19103F-16F7-4668-BE54-9A1E7A4F7556}") = "Tyuiu.MorozovSM.Sprint2.Task1.V20.Test", "Tyuiu.MorozovSM.Sprint2.Task1.V20.Test\Tyuiu.MorozovSM.Sprint2.Task1.V20.Test.csproj", "{E51B531B-B66F-45AB-B885-8FBA7E535894}"
EndProject
Project("{2150E333-8FDC-42A3-9474-1A3956D46DE8}") = "Task2", "Task2", "{E30844D5-6E99-40E6-90BA-87BF049A6CCB}"
EndProject
Project("{9A19103F-16F7-4668-BE54-9A1E7A4F7556}") = "Tyuiu.MorozovSM.Sprint2.Task2.V29", "Tyuiu.MorozovSM.Sprint2.Task2.V29\Tyuiu.MorozovSM.Sprint2.Task2.V29.csproj", "{271C12E9-8B6E-4054-8BA7-AFDDD1FE3BE4}"
EndProject
Project("{9A19103F-16F7-4668-BE54-9A1E7A4F7556}") = "Tyuiu.MorozovSM.Sprint2.Task2.V29.Test", "Tyuiu.MorozovSM.Sprint2.Task2.V29.Test\Tyuiu.MorozovSM.Sprint2.Task2.V29.Test.csproj", "{824A52A5-2039-4A02-8B09-0FA4DBF492D8}"
EndProject
Project("{9A19103F-16F7-4668-BE54-9A1E7A4F7556}") = "Tyuiu.MorozovSM.Sprint2.Task2.V29.Lib", "Tyuiu.MorozovSM.Sprint2.Task2.V29.Lib\Tyuiu.MorozovSM.Sprint2.Task2.V29.Lib.csproj", "{C96089AA-33DC-4480-A8A2-B49F61D38870}"
EndProject
Project("{2150E333-8FDC-42A3-9474-1A3956D46DE8}") = "Task3", "Task3", "{C237E50F-25BB-4F07-A348-9390D614C2AB}"
EndProject
Project("{9A19103F-16F7-4668-BE54-9A1E7A4F7556}") = "Tyuiu.MorozovSM.Sprint2.Task3.V18", "Tyuiu.MorozovSM.Sprint2.Task3.V18\Tyuiu.MorozovSM.Sprint2.Task3.V18.csproj", "{02C11F11-C34C-41B8-8C04-39592CCD1F46}"
EndProject
Project("{9A19103F-16F7-4668-BE54-9A1E7A4F7556}") = "Tyuiu.MorozovSM.Sprint2.Task3.V18.Lib", "Tyuiu.MorozovSM.Sprint2.Task3.V18.Lib\Tyuiu.MorozovSM.Sprint2.Task3.V18.Lib.csproj", "{49BBFF97-6260-4C47-87C5-31A1EA98F1C0}"
EndProject
Project("{9A19103F-16F7-4668-BE54-9A1E7A4F7556}") = "Tyuiu.MorozovSM.Sprint2.Task3.V18.Test", "Tyuiu.MorozovSM.Sprint2.Task3.V18.Test\Tyuiu.MorozovSM.Sprint2.Task3.V18.Test.csproj", "{F18E366C-37C3-495D-A2F0-1D8CC074DD14}"
EndProject
Project("{2150E333-8FDC-42A3-9474-1A3956D46DE8}") = "Task4", "Task4", "{64D40442-0402-43F8-BCF5-2123C6898083}"
EndProject
Project("{9A19103F-16F7-4668-BE54-9A1E7A4F7556}") = "Tyuiu.MorozovSM.Sprint2.Task4.V26", "Tyuiu.MorozovSM.Sprint2.Task4.V26\Tyuiu.MorozovSM.Sprint2.Task4.V26.csproj", "{96684DC1-0EDC-49CB-9299-B0085547C593}"
EndProject
Project("{9A19103F-16F7-4668-BE54-9A1E7A4F7556}") = "Tyuiu.MorozovSM.Sprint2.Task4.V26.Test", "Tyuiu.MorozovSM.Sprint2.Task4.V26.Test\Tyuiu.MorozovSM.Sprint2.Task4.V26.Test.csproj", "{EF4CA7A1-41F6-4369-9EF0-32083B0AD2B4}"
EndProject
Project("{9A19103F-16F7-4668-BE54-9A1E7A4F7556}") = "Tyuiu.MorozovSM.Sprint2.Task4.V26.Lib", "Tyuiu.MorozovSM.Sprint2.Task4.V26.Lib\Tyuiu.MorozovSM.Sprint2.Task4.V26.Lib.csproj", "{631ABB89-E749-40BC-AC89-78336621388D}"
EndProject
Project("{2150E333-8FDC-42A3-9474-1A3956D46DE8}") = "Task5", "Task5", "{F28D644B-4F89-4633-A07D-63495F1F5081}"
EndProject
Project("{9A19103F-16F7-4668-BE54-9A1E7A4F7556}") = "Tyuiu.MorozovSM.Sprint2.Task5.V4", "Tyuiu.MorozovSM.Sprint2.Task5.V4\Tyuiu.MorozovSM.Sprint2.Task5.V4.csproj", "{4C8EAAAB-6A37-461A-94AC-C1B764D50AD7}"
EndProject
Project("{9A19103F-16F7-4668-BE54-9A1E7A4F7556}") = "Tyuiu.MorozovSM.Sprint2.Task5.V4.Lib", "Tyuiu.MorozovSM.Sprint2.Task5.V4.Lib\Tyuiu.MorozovSM.Sprint2.Task5.V4.Lib.csproj", "{450FC593-7869-426C-962F-46971C308123}"
EndProject
Project("{9A19103F-16F7-4668-BE54-9A1E7A4F7556}") = "Tyuiu.MorozovSM.Sprint2.Task5.V4.Test", "Tyuiu.MorozovSM.Sprint2.Task5.V4.Test\Tyuiu.MorozovSM.Sprint2.Task5.V4.Test.csproj", "{C8776179-233A-4F00-B637-A8E63CA587D5}"
EndProject
Project("{2150E333-8FDC-42A3-9474-1A3956D46DE8}") = "Task6", "Task6", "{38FA39B8-B5C4-4FBB-BBF1-8E97E52FF850}"
EndProject
Project("{9A19103F-16F7-4668-BE54-9A1E7A4F7556}") = "Tyuiu.MorozovSM.Sprint2.Task6.V8.Test", "Tyuiu.MorozovSM.Sprint2.Task6.V8.Test\Tyuiu.MorozovSM.Sprint2.Task6.V8.Test.csproj", "{1C1B9E94-DB83-48D7-9472-6E051C8F8667}"
EndProject
Project("{9A19103F-16F7-4668-BE54-9A1E7A4F7556}") = "Tyuiu.MorozovSM.Sprint2.Task6.V8.Lib", "Tyuiu.MorozovSM.Sprint2.Task6.V8.Lib\Tyuiu.MorozovSM.Sprint2.Task6.V8.Lib.csproj", "{07B40591-F5DE-4B66-A827-CF855A2E4134}"
EndProject
Project("{FAE04EC0-301F-11D3-BF4B-00C04F79EFBC}") = "Tyuiu.MorozovSM.Sprint2.Task6.V8", "Tyuiu.MorozovSM.Sprint2.Task6.V8\Tyuiu.MorozovSM.Sprint2.Task6.V8.csproj", "{E1C44CAF-F803-4A17-A08A-27C18B0AA602}"
EndProject
Global
	GlobalSection(SolutionConfigurationPlatforms) = preSolution
		Debug|Any CPU = Debug|Any CPU
		Release|Any CPU = Release|Any CPU
	EndGlobalSection
	GlobalSection(ProjectConfigurationPlatforms) = postSolution
		{8ADB322E-D60D-4D72-A506-0B85E1550B1F}.Debug|Any CPU.ActiveCfg = Debug|Any CPU
		{8ADB322E-D60D-4D72-A506-0B85E1550B1F}.Debug|Any CPU.Build.0 = Debug|Any CPU
		{8ADB322E-D60D-4D72-A506-0B85E1550B1F}.Release|Any CPU.ActiveCfg = Release|Any CPU
		{8ADB322E-D60D-4D72-A506-0B85E1550B1F}.Release|Any CPU.Build.0 = Release|Any CPU
		{E2B72DC2-4F9F-4E04-A9C6-FE9480B30D07}.Debug|Any CPU.ActiveCfg = Debug|Any CPU
		{E2B72DC2-4F9F-4E04-A9C6-FE9480B30D07}.Debug|Any CPU.Build.0 = Debug|Any CPU
		{E2B72DC2-4F9F-4E04-A9C6-FE9480B30D07}.Release|Any CPU.ActiveCfg = Release|Any CPU
		{E2B72DC2-4F9F-4E04-A9C6-FE9480B30D07}.Release|Any CPU.Build.0 = Release|Any CPU
		{773D8874-123D-4335-9180-4C9495E7A702}.Debug|Any CPU.ActiveCfg = Debug|Any CPU
		{773D8874-123D-4335-9180-4C9495E7A702}.Debug|Any CPU.Build.0 = Debug|Any CPU
		{773D8874-123D-4335-9180-4C9495E7A702}.Release|Any CPU.ActiveCfg = Release|Any CPU
		{773D8874-123D-4335-9180-4C9495E7A702}.Release|Any CPU.Build.0 = Release|Any CPU
		{091BAF26-B04F-4F84-9295-3745DAB008D1}.Debug|Any CPU.ActiveCfg = Debug|Any CPU
		{091BAF26-B04F-4F84-9295-3745DAB008D1}.Debug|Any CPU.Build.0 = Debug|Any CPU
		{091BAF26-B04F-4F84-9295-3745DAB008D1}.Release|Any CPU.ActiveCfg = Release|Any CPU
		{091BAF26-B04F-4F84-9295-3745DAB008D1}.Release|Any CPU.Build.0 = Release|Any CPU
		{03654D06-CAF4-4284-994E-F4325E6F927E}.Debug|Any CPU.ActiveCfg = Debug|Any CPU
		{03654D06-CAF4-4284-994E-F4325E6F927E}.Debug|Any CPU.Build.0 = Debug|Any CPU
		{03654D06-CAF4-4284-994E-F4325E6F927E}.Release|Any CPU.ActiveCfg = Release|Any CPU
		{03654D06-CAF4-4284-994E-F4325E6F927E}.Release|Any CPU.Build.0 = Release|Any CPU
		{E51B531B-B66F-45AB-B885-8FBA7E535894}.Debug|Any CPU.ActiveCfg = Debug|Any CPU
		{E51B531B-B66F-45AB-B885-8FBA7E535894}.Debug|Any CPU.Build.0 = Debug|Any CPU
		{E51B531B-B66F-45AB-B885-8FBA7E535894}.Release|Any CPU.ActiveCfg = Release|Any CPU
		{E51B531B-B66F-45AB-B885-8FBA7E535894}.Release|Any CPU.Build.0 = Release|Any CPU
		{271C12E9-8B6E-4054-8BA7-AFDDD1FE3BE4}.Debug|Any CPU.ActiveCfg = Debug|Any CPU
		{271C12E9-8B6E-4054-8BA7-AFDDD1FE3BE4}.Debug|Any CPU.Build.0 = Debug|Any CPU
		{271C12E9-8B6E-4054-8BA7-AFDDD1FE3BE4}.Release|Any CPU.ActiveCfg = Release|Any CPU
		{271C12E9-8B6E-4054-8BA7-AFDDD1FE3BE4}.Release|Any CPU.Build.0 = Release|Any CPU
		{824A52A5-2039-4A02-8B09-0FA4DBF492D8}.Debug|Any CPU.ActiveCfg = Debug|Any CPU
		{824A52A5-2039-4A02-8B09-0FA4DBF492D8}.Debug|Any CPU.Build.0 = Debug|Any CPU
		{824A52A5-2039-4A02-8B09-0FA4DBF492D8}.Release|Any CPU.ActiveCfg = Release|Any CPU
		{824A52A5-2039-4A02-8B09-0FA4DBF492D8}.Release|Any CPU.Build.0 = Release|Any CPU
		{C96089AA-33DC-4480-A8A2-B49F61D38870}.Debug|Any CPU.ActiveCfg = Debug|Any CPU
		{C96089AA-33DC-4480-A8A2-B49F61D38870}.Debug|Any CPU.Build.0 = Debug|Any CPU
		{C96089AA-33DC-4480-A8A2-B49F61D38870}.Release|Any CPU.ActiveCfg = Release|Any CPU
		{C96089AA-33DC-4480-A8A2-B49F61D38870}.Release|Any CPU.Build.0 = Release|Any CPU
		{02C11F11-C34C-41B8-8C04-39592CCD1F46}.Debug|Any CPU.ActiveCfg = Debug|Any CPU
		{02C11F11-C34C-41B8-8C04-39592CCD1F46}.Debug|Any CPU.Build.0 = Debug|Any CPU
		{02C11F11-C34C-41B8-8C04-39592CCD1F46}.Release|Any CPU.ActiveCfg = Release|Any CPU
		{02C11F11-C34C-41B8-8C04-39592CCD1F46}.Release|Any CPU.Build.0 = Release|Any CPU
		{49BBFF97-6260-4C47-87C5-31A1EA98F1C0}.Debug|Any CPU.ActiveCfg = Debug|Any CPU
		{49BBFF97-6260-4C47-87C5-31A1EA98F1C0}.Debug|Any CPU.Build.0 = Debug|Any CPU
		{49BBFF97-6260-4C47-87C5-31A1EA98F1C0}.Release|Any CPU.ActiveCfg = Release|Any CPU
		{49BBFF97-6260-4C47-87C5-31A1EA98F1C0}.Release|Any CPU.Build.0 = Release|Any CPU
		{F18E366C-37C3-495D-A2F0-1D8CC074DD14}.Debug|Any CPU.ActiveCfg = Debug|Any CPU
		{F18E366C-37C3-495D-A2F0-1D8CC074DD14}.Debug|Any CPU.Build.0 = Debug|Any CPU
		{F18E366C-37C3-495D-A2F0-1D8CC074DD14}.Release|Any CPU.ActiveCfg = Release|Any CPU
		{F18E366C-37C3-495D-A2F0-1D8CC074DD14}.Release|Any CPU.Build.0 = Release|Any CPU
		{96684DC1-0EDC-49CB-9299-B0085547C593}.Debug|Any CPU.ActiveCfg = Debug|Any CPU
		{96684DC1-0EDC-49CB-9299-B0085547C593}.Debug|Any CPU.Build.0 = Debug|Any CPU
		{96684DC1-0EDC-49CB-9299-B0085547C593}.Release|Any CPU.ActiveCfg = Release|Any CPU
		{96684DC1-0EDC-49CB-9299-B0085547C593}.Release|Any CPU.Build.0 = Release|Any CPU
		{EF4CA7A1-41F6-4369-9EF0-32083B0AD2B4}.Debug|Any CPU.ActiveCfg = Debug|Any CPU
		{EF4CA7A1-41F6-4369-9EF0-32083B0AD2B4}.Debug|Any CPU.Build.0 = Debug|Any CPU
		{EF4CA7A1-41F6-4369-9EF0-32083B0AD2B4}.Release|Any CPU.ActiveCfg = Release|Any CPU
		{EF4CA7A1-41F6-4369-9EF0-32083B0AD2B4}.Release|Any CPU.Build.0 = Release|Any CPU
		{631ABB89-E749-40BC-AC89-78336621388D}.Debug|Any CPU.ActiveCfg = Debug|Any CPU
		{631ABB89-E749-40BC-AC89-78336621388D}.Debug|Any CPU.Build.0 = Debug|Any CPU
		{631ABB89-E749-40BC-AC89-78336621388D}.Release|Any CPU.ActiveCfg = Release|Any CPU
		{631ABB89-E749-40BC-AC89-78336621388D}.Release|Any CPU.Build.0 = Release|Any CPU
		{4C8EAAAB-6A37-461A-94AC-C1B764D50AD7}.Debug|Any CPU.ActiveCfg = Debug|Any CPU
		{4C8EAAAB-6A37-461A-94AC-C1B764D50AD7}.Debug|Any CPU.Build.0 = Debug|Any CPU
		{4C8EAAAB-6A37-461A-94AC-C1B764D50AD7}.Release|Any CPU.ActiveCfg = Release|Any CPU
		{4C8EAAAB-6A37-461A-94AC-C1B764D50AD7}.Release|Any CPU.Build.0 = Release|Any CPU
		{450FC593-7869-426C-962F-46971C308123}.Debug|Any CPU.ActiveCfg = Debug|Any CPU
		{450FC593-7869-426C-962F-46971C308123}.Debug|Any CPU.Build.0 = Debug|Any CPU
		{450FC593-7869-426C-962F-46971C308123}.Release|Any CPU.ActiveCfg = Release|Any CPU
		{450FC593-7869-426C-962F-46971C308123}.Release|Any CPU.Build.0 = Release|Any CPU
		{C8776179-233A-4F00-B637-A8E63CA587D5}.Debug|Any CPU.ActiveCfg = Debug|Any CPU
		{C8776179-233A-4F00-B637-A8E63CA587D5}.Debug|Any CPU.Build.0 = Debug|Any CPU
		{C8776179-233A-4F00-B637-A8E63CA587D5}.Release|Any CPU.ActiveCfg = Release|Any CPU
		{C8776179-233A-4F00-B637-A8E63CA587D5}.Release|Any CPU.Build.0 = Release|Any CPU
		{1C1B9E94-DB83-48D7-9472-6E051C8F8667}.Debug|Any CPU.ActiveCfg = Debug|Any CPU
		{1C1B9E94-DB83-48D7-9472-6E051C8F8667}.Debug|Any CPU.Build.0 = Debug|Any CPU
		{1C1B9E94-DB83-48D7-9472-6E051C8F8667}.Release|Any CPU.ActiveCfg = Release|Any CPU
		{1C1B9E94-DB83-48D7-9472-6E051C8F8667}.Release|Any CPU.Build.0 = Release|Any CPU
		{07B40591-F5DE-4B66-A827-CF855A2E4134}.Debug|Any CPU.ActiveCfg = Debug|Any CPU
		{07B40591-F5DE-4B66-A827-CF855A2E4134}.Debug|Any CPU.Build.0 = Debug|Any CPU
		{07B40591-F5DE-4B66-A827-CF855A2E4134}.Release|Any CPU.ActiveCfg = Release|Any CPU
		{07B40591-F5DE-4B66-A827-CF855A2E4134}.Release|Any CPU.Build.0 = Release|Any CPU
		{E1C44CAF-F803-4A17-A08A-27C18B0AA602}.Debug|Any CPU.ActiveCfg = Debug|Any CPU
		{E1C44CAF-F803-4A17-A08A-27C18B0AA602}.Debug|Any CPU.Build.0 = Debug|Any CPU
		{E1C44CAF-F803-4A17-A08A-27C18B0AA602}.Release|Any CPU.ActiveCfg = Release|Any CPU
		{E1C44CAF-F803-4A17-A08A-27C18B0AA602}.Release|Any CPU.Build.0 = Release|Any CPU
	EndGlobalSection
	GlobalSection(SolutionProperties) = preSolution
		HideSolutionNode = FALSE
	EndGlobalSection
	GlobalSection(NestedProjects) = preSolution
		{8ADB322E-D60D-4D72-A506-0B85E1550B1F} = {35D82C5D-6D70-4675-A0ED-38E389EE39C6}
		{E2B72DC2-4F9F-4E04-A9C6-FE9480B30D07} = {35D82C5D-6D70-4675-A0ED-38E389EE39C6}
		{773D8874-123D-4335-9180-4C9495E7A702} = {35D82C5D-6D70-4675-A0ED-38E389EE39C6}
		{091BAF26-B04F-4F84-9295-3745DAB008D1} = {91CF195C-7973-4409-88D3-3E133A616B8A}
		{03654D06-CAF4-4284-994E-F4325E6F927E} = {91CF195C-7973-4409-88D3-3E133A616B8A}
		{E51B531B-B66F-45AB-B885-8FBA7E535894} = {91CF195C-7973-4409-88D3-3E133A616B8A}
		{271C12E9-8B6E-4054-8BA7-AFDDD1FE3BE4} = {E30844D5-6E99-40E6-90BA-87BF049A6CCB}
		{824A52A5-2039-4A02-8B09-0FA4DBF492D8} = {E30844D5-6E99-40E6-90BA-87BF049A6CCB}
		{C96089AA-33DC-4480-A8A2-B49F61D38870} = {E30844D5-6E99-40E6-90BA-87BF049A6CCB}
		{02C11F11-C34C-41B8-8C04-39592CCD1F46} = {C237E50F-25BB-4F07-A348-9390D614C2AB}
		{49BBFF97-6260-4C47-87C5-31A1EA98F1C0} = {C237E50F-25BB-4F07-A348-9390D614C2AB}
		{F18E366C-37C3-495D-A2F0-1D8CC074DD14} = {C237E50F-25BB-4F07-A348-9390D614C2AB}
		{96684DC1-0EDC-49CB-9299-B0085547C593} = {64D40442-0402-43F8-BCF5-2123C6898083}
		{EF4CA7A1-41F6-4369-9EF0-32083B0AD2B4} = {64D40442-0402-43F8-BCF5-2123C6898083}
		{631ABB89-E749-40BC-AC89-78336621388D} = {64D40442-0402-43F8-BCF5-2123C6898083}
		{4C8EAAAB-6A37-461A-94AC-C1B764D50AD7} = {F28D644B-4F89-4633-A07D-63495F1F5081}
		{450FC593-7869-426C-962F-46971C308123} = {F28D644B-4F89-4633-A07D-63495F1F5081}
		{C8776179-233A-4F00-B637-A8E63CA587D5} = {F28D644B-4F89-4633-A07D-63495F1F5081}
		{1C1B9E94-DB83-48D7-9472-6E051C8F8667} = {38FA39B8-B5C4-4FBB-BBF1-8E97E52FF850}
		{07B40591-F5DE-4B66-A827-CF855A2E4134} = {38FA39B8-B5C4-4FBB-BBF1-8E97E52FF850}
		{E1C44CAF-F803-4A17-A08A-27C18B0AA602} = {38FA39B8-B5C4-4FBB-BBF1-8E97E52FF850}
	EndGlobalSection
	GlobalSection(ExtensibilityGlobals) = postSolution
		SolutionGuid = {B49C0AC0-4963-43B1-A6C2-0A06EF883359}
	EndGlobalSection
EndGlobal
